
Microsoft Visual Studio Solution File, Format Version 12.00
# Visual Studio Version 16
VisualStudioVersion = 16.0.31729.503
MinimumVisualStudioVersion = 10.0.40219.1
Project("{FAE04EC0-301F-11D3-BF4B-00C04F79EFBC}") = "ConsoleApp6_2_2", "ConsoleApp6_2_2\ConsoleApp6_2_2.csproj", "{0D0E9A10-1AB4-4276-B03D-7F1E6D4FB5ED}"
EndProject
Global
	GlobalSection(SolutionConfigurationPlatforms) = preSolution
		Debug|Any CPU = Debug|Any CPU
		Release|Any CPU = Release|Any CPU
	EndGlobalSection
	GlobalSection(ProjectConfigurationPlatforms) = postSolution
		{0D0E9A10-1AB4-4276-B03D-7F1E6D4FB5ED}.Debug|Any CPU.ActiveCfg = Debug|Any CPU
		{0D0E9A10-1AB4-4276-B03D-7F1E6D4FB5ED}.Debug|Any CPU.Build.0 = Debug|Any CPU
		{0D0E9A10-1AB4-4276-B03D-7F1E6D4FB5ED}.Release|Any CPU.ActiveCfg = Release|Any CPU
		{0D0E9A10-1AB4-4276-B03D-7F1E6D4FB5ED}.Release|Any CPU.Build.0 = Release|Any CPU
	EndGlobalSection
	GlobalSection(SolutionProperties) = preSolution
		HideSolutionNode = FALSE
	EndGlobalSection
	GlobalSection(ExtensibilityGlobals) = postSolution
		SolutionGuid = {FD88BB3F-3C44-4AFF-9BAD-497496F00979}
	EndGlobalSection
EndGlobal
